
Microsoft Visual Studio Solution File, Format Version 12.00
# Visual Studio 14
VisualStudioVersion = 14.0.24720.0
MinimumVisualStudioVersion = 10.0.40219.1
Project("{FAE04EC0-301F-11D3-BF4B-00C04F79EFBC}") = "SpecialCashMachine", "SpecialCashMachine\SpecialCashMachine.csproj", "{14BCE074-6488-4392-A205-E18B24F36CEA}"
EndProject
Project("{FAE04EC0-301F-11D3-BF4B-00C04F79EFBC}") = "SpecialCashMachine.Tests", "SpecialCashMachine.Tests\SpecialCashMachine.Tests.csproj", "{B0135DF9-C00E-48A8-A820-E235CBE9ED22}"
EndProject
Global
	GlobalSection(SolutionConfigurationPlatforms) = preSolution
		Debug|Any CPU = Debug|Any CPU
		Release|Any CPU = Release|Any CPU
	EndGlobalSection
	GlobalSection(ProjectConfigurationPlatforms) = postSolution
		{14BCE074-6488-4392-A205-E18B24F36CEA}.Debug|Any CPU.ActiveCfg = Debug|Any CPU
		{14BCE074-6488-4392-A205-E18B24F36CEA}.Debug|Any CPU.Build.0 = Debug|Any CPU
		{14BCE074-6488-4392-A205-E18B24F36CEA}.Release|Any CPU.ActiveCfg = Release|Any CPU
		{14BCE074-6488-4392-A205-E18B24F36CEA}.Release|Any CPU.Build.0 = Release|Any CPU
		{B0135DF9-C00E-48A8-A820-E235CBE9ED22}.Debug|Any CPU.ActiveCfg = Debug|Any CPU
		{B0135DF9-C00E-48A8-A820-E235CBE9ED22}.Debug|Any CPU.Build.0 = Debug|Any CPU
		{B0135DF9-C00E-48A8-A820-E235CBE9ED22}.Release|Any CPU.ActiveCfg = Release|Any CPU
		{B0135DF9-C00E-48A8-A820-E235CBE9ED22}.Release|Any CPU.Build.0 = Release|Any CPU
	EndGlobalSection
	GlobalSection(SolutionProperties) = preSolution
		HideSolutionNode = FALSE
	EndGlobalSection
EndGlobal
